
Microsoft Visual Studio Solution File, Format Version 11.00
# Visual Studio 2010
Project("{FAE04EC0-301F-11D3-BF4B-00C04F79EFBC}") = "Assembly-CSharp", "Assembly-CSharp.csproj", "{ca6962e7-2704-7bbc-c074-e2b3cdda1224}"
EndProject
Project("{FAE04EC0-301F-11D3-BF4B-00C04F79EFBC}") = "AimingRig", "AimingRig.csproj", "{171ef8ac-c6ee-fecb-eb23-745c85c6fd00}"
EndProject
Global
	GlobalSection(SolutionConfigurationPlatforms) = preSolution
		Debug|Any CPU = Debug|Any CPU
	EndGlobalSection
	GlobalSection(ProjectConfigurationPlatforms) = postSolution
		{ca6962e7-2704-7bbc-c074-e2b3cdda1224}.Debug|Any CPU.ActiveCfg = Debug|Any CPU
		{ca6962e7-2704-7bbc-c074-e2b3cdda1224}.Debug|Any CPU.Build.0 = Debug|Any CPU
		{171ef8ac-c6ee-fecb-eb23-745c85c6fd00}.Debug|Any CPU.ActiveCfg = Debug|Any CPU
		{171ef8ac-c6ee-fecb-eb23-745c85c6fd00}.Debug|Any CPU.Build.0 = Debug|Any CPU
	EndGlobalSection
	GlobalSection(SolutionProperties) = preSolution
		HideSolutionNode = FALSE
	EndGlobalSection
EndGlobal
